<?xml version="1.0" encoding="utf-8"?>
<Project ToolsVersion="4.0" xmlns="http://schemas.microsoft.com/developer/msbuild/2003">
  <ItemGroup>
    <ClCompile Include="App\app.cpp" />
    <ClCompile Include="App\main.cpp" />
    <ClCompile Include="App\SimpleController.cpp" />
    <ClCompile Include="App\SimpleSound.cpp" />
    <ClCompile Include="App\SimpleSprite.cpp" />
    <ClCompile Include="App\TextureLoader.cpp" />
    <ClCompile Include="GameTest.cpp" />
    <ClCompile Include="stdafx.cpp" />
    <ClCompile Include="SceneManager.cpp">
      <Filter>Expanded Framework</Filter>
    </ClCompile>
    <ClCompile Include="Vec2.cpp">
      <Filter>Expanded Framework</Filter>
    </ClCompile>
  </ItemGroup>
  <ItemGroup>
    <ClInclude Include="App\app.h" />
    <ClInclude Include="App\AppSettings.h" />
    <ClInclude Include="App\main.h" />
    <ClInclude Include="App\SimpleController.h" />
    <ClInclude Include="App\SimpleSound.h" />
    <ClInclude Include="App\SimpleSprite.h" />
    <ClInclude Include="App\TextureLoader.h" />
    <ClInclude Include="stdafx.h" />
    <ClInclude Include="targetver.h" />
    <ClInclude Include="Scene.h">
      <Filter>Expanded Framework</Filter>
    </ClInclude>
    <ClInclude Include="SceneManager.h">
      <Filter>Expanded Framework</Filter>
    </ClInclude>
    <ClInclude Include="GameObject.h">
      <Filter>Expanded Framework</Filter>
    </ClInclude>
    <ClInclude Include="Vec2.h">
      <Filter>Expanded Framework</Filter>
    </ClInclude>
  </ItemGroup>
  <ItemGroup>
    <Text Include="ReadMe.txt" />
  </ItemGroup>
  <ItemGroup>
    <Filter Include="Expanded Framework">
      <UniqueIdentifier>{8ef741ca-811c-4846-bf28-e82c29e81ee3}</UniqueIdentifier>
    </Filter>
  </ItemGroup>
</Project>